{
  "name": "@tukiyomi/plugin-network-monitor",
  "version": "0.0.0",
  "lockfileVersion": 1,
  "requires": true,
  "dependencies": {
    "@tukiyomi/plugin-sdk": {
      "version": "file:../plugin-sdk",
      "requires": {
        "@tukiyomi/events": "file:../events"
      },
      "dependencies": {
        "@tukiyomi/events": {
          "version": "file:../events",
          "bundled": true,
          "dependencies": {
            "typescript": {
              "version": "3.0.3",
              "bundled": true
            }
          }
        },
        "typescript": {
          "version": "3.0.3",
          "bundled": true
        }
      }
    },
    "typescript": {
      "version": "3.0.3",
      "resolved": "https://registry.npmjs.org/typescript/-/typescript-3.0.3.tgz",
      "integrity": "sha512-kk80vLW9iGtjMnIv11qyxLqZm20UklzuR2tL0QAnDIygIUIemcZMxlMWudl9OOt76H3ntVzcTiddQ1/pAAJMYg==",
      "dev": true
    }
  }
}
