{
  "name": "@tukiyomi/plugin-sdk",
  "version": "0.1.1",
  "lockfileVersion": 1,
  "requires": true,
  "dependencies": {
    "@tukiyomi/events": {
      "version": "0.1.1",
      "resolved": "https://registry.npmjs.org/@tukiyomi/events/-/events-0.1.1.tgz",
      "integrity": "sha512-18rYZmKClKtrWh6fsEDtpRltVxRXbQ1IE8Vv8jdJnzz7uS+/ZUr5vYoVLZa3c3Az091n5P11ioAJ+BBdwWWr4Q=="
    },
    "typescript": {
      "version": "3.0.3",
      "resolved": "https://registry.npmjs.org/typescript/-/typescript-3.0.3.tgz",
      "integrity": "sha512-kk80vLW9iGtjMnIv11qyxLqZm20UklzuR2tL0QAnDIygIUIemcZMxlMWudl9OOt76H3ntVzcTiddQ1/pAAJMYg==",
      "dev": true
    }
  }
}
