{
  "name": "@tukiyomi/plugin-recorder",
  "version": "0.1.1",
  "lockfileVersion": 1,
  "requires": true,
  "dependencies": {
    "@tukiyomi/events": {
      "version": "0.1.1",
      "resolved": "https://registry.npmjs.org/@tukiyomi/events/-/events-0.1.1.tgz",
      "integrity": "sha512-18rYZmKClKtrWh6fsEDtpRltVxRXbQ1IE8Vv8jdJnzz7uS+/ZUr5vYoVLZa3c3Az091n5P11ioAJ+BBdwWWr4Q=="
    },
    "@tukiyomi/plugin-sdk": {
      "version": "0.1.4",
      "resolved": "https://registry.npmjs.org/@tukiyomi/plugin-sdk/-/plugin-sdk-0.1.4.tgz",
      "integrity": "sha512-q08IumcX01XVnRq6oklewADZ1aSfq9mcjvDsh+kOYKUyuH3C6LajXvkpiyZ3wNIQEqtyKP1lx7Hju13H8tehdg==",
      "requires": {
        "@tukiyomi/events": "^0.1.1"
      }
    },
    "@types/dateformat": {
      "version": "1.0.1",
      "resolved": "https://registry.npmjs.org/@types/dateformat/-/dateformat-1.0.1.tgz",
      "integrity": "sha1-LlsjXIxVZSxP7ChFBtKjb+Zf6H4=",
      "dev": true
    },
    "dateformat": {
      "version": "3.0.3",
      "resolved": "https://registry.npmjs.org/dateformat/-/dateformat-3.0.3.tgz",
      "integrity": "sha512-jyCETtSl3VMZMWeRo7iY1FL19ges1t55hMo5yaam4Jrsm5EPL89UQkoQRyiI+Yf4k8r2ZpdngkV8hr1lIdjb3Q=="
    },
    "typescript": {
      "version": "3.0.3",
      "resolved": "https://registry.npmjs.org/typescript/-/typescript-3.0.3.tgz",
      "integrity": "sha512-kk80vLW9iGtjMnIv11qyxLqZm20UklzuR2tL0QAnDIygIUIemcZMxlMWudl9OOt76H3ntVzcTiddQ1/pAAJMYg==",
      "dev": true
    }
  }
}
