{
  "name": "@tukiyomi/plugin-network-monitor",
  "version": "0.0.0",
  "lockfileVersion": 1,
  "requires": true,
  "dependencies": {
    "@tukiyomi/plugin-sdk": {
      "version": "file:../plugin-sdk",
      "requires": {
        "@tukiyomi/events": "file:../events"
      },
      "dependencies": {
        "@tukiyomi/events": {
          "version": "file:../events",
          "bundled": true,
          "dependencies": {
            "typescript": {
              "version": "3.0.3",
              "bundled": true
            }
          }
        },
        "typescript": {
          "version": "3.0.3",
          "bundled": true
        }
      }
    }
  }
}
